
Microsoft Visual Studio Solution File, Format Version 12.00
# Visual Studio Version 16
VisualStudioVersion = 16.0.33801.447
MinimumVisualStudioVersion = 10.0.40219.1
Project("{FAE04EC0-301F-11D3-BF4B-00C04F79EFBC}") = "OilRigGamemode", "OilRigGamemode.csproj", "{DA01664F-4F29-4943-8A9A-3BC8BE9BB71D}"
EndProject
Global
	GlobalSection(SolutionConfigurationPlatforms) = preSolution
		Debug|Any CPU = Debug|Any CPU
		Release|Any CPU = Release|Any CPU
	EndGlobalSection
	GlobalSection(ProjectConfigurationPlatforms) = postSolution
		{DA01664F-4F29-4943-8A9A-3BC8BE9BB71D}.Debug|Any CPU.ActiveCfg = Debug|Any CPU
		{DA01664F-4F29-4943-8A9A-3BC8BE9BB71D}.Debug|Any CPU.Build.0 = Debug|Any CPU
		{DA01664F-4F29-4943-8A9A-3BC8BE9BB71D}.Release|Any CPU.ActiveCfg = Release|Any CPU
		{DA01664F-4F29-4943-8A9A-3BC8BE9BB71D}.Release|Any CPU.Build.0 = Release|Any CPU
	EndGlobalSection
	GlobalSection(SolutionProperties) = preSolution
		HideSolutionNode = FALSE
	EndGlobalSection
	GlobalSection(ExtensibilityGlobals) = postSolution
		SolutionGuid = {3F1A6DAB-5DD2-45BE-9542-8394AA7E9F95}
	EndGlobalSection
EndGlobal
